
Microsoft Visual Studio Solution File, Format Version 12.00
# Visual Studio Version 17
VisualStudioVersion = 17.5.002.0
MinimumVisualStudioVersion = 10.0.40219.1
Project("{2150E333-8FDC-42A3-9474-1A3956D46DE8}") = "sdk", "sdk", "{3FE512EC-4517-4EB9-9FB3-A72862570000}"
EndProject
Project("{9A19103F-16F7-4668-BE54-9A1E7A4F7556}") = "Pulumi.Xyz", "sdk\dotnet\Pulumi.Xyz.csproj", "{77B62084-F652-4C9E-8AAB-C77110228047}"
EndProject
Global
	GlobalSection(SolutionConfigurationPlatforms) = preSolution
		Debug|Any CPU = Debug|Any CPU
		Release|Any CPU = Release|Any CPU
	EndGlobalSection
	GlobalSection(ProjectConfigurationPlatforms) = postSolution
		{77B62084-F652-4C9E-8AAB-C77110228047}.Debug|Any CPU.ActiveCfg = Debug|Any CPU
		{77B62084-F652-4C9E-8AAB-C77110228047}.Debug|Any CPU.Build.0 = Debug|Any CPU
		{77B62084-F652-4C9E-8AAB-C77110228047}.Release|Any CPU.ActiveCfg = Release|Any CPU
		{77B62084-F652-4C9E-8AAB-C77110228047}.Release|Any CPU.Build.0 = Release|Any CPU
	EndGlobalSection
	GlobalSection(SolutionProperties) = preSolution
		HideSolutionNode = FALSE
	EndGlobalSection
	GlobalSection(NestedProjects) = preSolution
		{77B62084-F652-4C9E-8AAB-C77110228047} = {3FE512EC-4517-4EB9-9FB3-A72862570000}
	EndGlobalSection
	GlobalSection(ExtensibilityGlobals) = postSolution
		SolutionGuid = {D6A12E65-C7AA-4211-A9FF-45561820BE04}
	EndGlobalSection
EndGlobal
